{
  "nodes": {
    "nixpkgs": {
      "locked": {
        "lastModified": 1784455426,
        "narHash": "sha256-0KIOHom4bZf1xh7i50rfyZssy8UxzNIXOPYO/tgQCOw=",
        "owner": "NixOS",
        "repo": "nixpkgs",
        "rev": "39f6fc1ae3b7f7ba18af04c84713f668cc7929d8",
        "type": "github"
      },
      "original": {
        "owner": "NixOS",
        "ref": "release-26.05",
        "repo": "nixpkgs",
        "type": "github"
      }
    },
    "root": {
      "inputs": {
        "nixpkgs": "nixpkgs"
      }
    }
  },
  "root": "root",
  "version": 7
}
